
Microsoft Visual Studio Solution File, Format Version 12.00
# Visual Studio Version 16
VisualStudioVersion = 16.0.30011.22
MinimumVisualStudioVersion = 10.0.40219.1
Project("{FAE04EC0-301F-11D3-BF4B-00C04F79EFBC}") = "DummyFileMaker", "DummyFileMaker\DummyFileMaker.csproj", "{4425B1AD-788B-4014-96D4-E226F6896AFF}"
EndProject
Global
	GlobalSection(SolutionConfigurationPlatforms) = preSolution
		Debug|Any CPU = Debug|Any CPU
		Release|Any CPU = Release|Any CPU
	EndGlobalSection
	GlobalSection(ProjectConfigurationPlatforms) = postSolution
		{4425B1AD-788B-4014-96D4-E226F6896AFF}.Debug|Any CPU.ActiveCfg = Debug|Any CPU
		{4425B1AD-788B-4014-96D4-E226F6896AFF}.Debug|Any CPU.Build.0 = Debug|Any CPU
		{4425B1AD-788B-4014-96D4-E226F6896AFF}.Release|Any CPU.ActiveCfg = Release|Any CPU
		{4425B1AD-788B-4014-96D4-E226F6896AFF}.Release|Any CPU.Build.0 = Release|Any CPU
	EndGlobalSection
	GlobalSection(SolutionProperties) = preSolution
		HideSolutionNode = FALSE
	EndGlobalSection
	GlobalSection(ExtensibilityGlobals) = postSolution
		SolutionGuid = {3394712F-2429-4E3E-B9FE-1399ACBE2B14}
	EndGlobalSection
EndGlobal
